
Microsoft Visual Studio Solution File, Format Version 12.00
# Visual Studio 2013
VisualStudioVersion = 12.0.40629.0
MinimumVisualStudioVersion = 10.0.40219.1
Project("{FAE04EC0-301F-11D3-BF4B-00C04F79EFBC}") = "AngularTests", "ClassLibrary1\AngularTests.csproj", "{92E977F8-DD5F-433E-AD2A-562D0A26EEEF}"
EndProject
Project("{FAE04EC0-301F-11D3-BF4B-00C04F79EFBC}") = "AngularExample", "AngularExample\AngularExample.csproj", "{2E597307-D0EE-4013-B9E6-1F6DCF3B8FF8}"
EndProject
Project("{2150E333-8FDC-42A3-9474-1A3956D46DE8}") = ".nuget", ".nuget", "{DBFE748D-6733-4B57-8C5D-3421B39F0675}"
	ProjectSection(SolutionItems) = preProject
		.nuget\packages.config = .nuget\packages.config
	EndProjectSection
EndProject
Global
	GlobalSection(SolutionConfigurationPlatforms) = preSolution
		Debug|Any CPU = Debug|Any CPU
		Release|Any CPU = Release|Any CPU
	EndGlobalSection
	GlobalSection(ProjectConfigurationPlatforms) = postSolution
		{92E977F8-DD5F-433E-AD2A-562D0A26EEEF}.Debug|Any CPU.ActiveCfg = Debug|Any CPU
		{92E977F8-DD5F-433E-AD2A-562D0A26EEEF}.Debug|Any CPU.Build.0 = Debug|Any CPU
		{92E977F8-DD5F-433E-AD2A-562D0A26EEEF}.Release|Any CPU.ActiveCfg = Release|Any CPU
		{92E977F8-DD5F-433E-AD2A-562D0A26EEEF}.Release|Any CPU.Build.0 = Release|Any CPU
		{2E597307-D0EE-4013-B9E6-1F6DCF3B8FF8}.Debug|Any CPU.ActiveCfg = Debug|Any CPU
		{2E597307-D0EE-4013-B9E6-1F6DCF3B8FF8}.Debug|Any CPU.Build.0 = Debug|Any CPU
		{2E597307-D0EE-4013-B9E6-1F6DCF3B8FF8}.Release|Any CPU.ActiveCfg = Release|Any CPU
		{2E597307-D0EE-4013-B9E6-1F6DCF3B8FF8}.Release|Any CPU.Build.0 = Release|Any CPU
	EndGlobalSection
	GlobalSection(SolutionProperties) = preSolution
		HideSolutionNode = FALSE
	EndGlobalSection
EndGlobal
